
Microsoft Visual Studio Solution File, Format Version 12.00
# Visual Studio Version 17
VisualStudioVersion = 17.0.31903.59
MinimumVisualStudioVersion = 10.0.40219.1
Project("{FAE04EC0-301F-11D3-BF4B-00C04F79EFBC}") = "Kolekcije", "Kolekcije.csproj", "{F6D30E92-166B-4F5C-9255-F002F2172D08}"
EndProject
Global
	GlobalSection(SolutionConfigurationPlatforms) = preSolution
		Debug|Any CPU = Debug|Any CPU
		Release|Any CPU = Release|Any CPU
	EndGlobalSection
	GlobalSection(ProjectConfigurationPlatforms) = postSolution
		{F6D30E92-166B-4F5C-9255-F002F2172D08}.Debug|Any CPU.ActiveCfg = Debug|Any CPU
		{F6D30E92-166B-4F5C-9255-F002F2172D08}.Debug|Any CPU.Build.0 = Debug|Any CPU
		{F6D30E92-166B-4F5C-9255-F002F2172D08}.Release|Any CPU.ActiveCfg = Release|Any CPU
		{F6D30E92-166B-4F5C-9255-F002F2172D08}.Release|Any CPU.Build.0 = Release|Any CPU
	EndGlobalSection
	GlobalSection(SolutionProperties) = preSolution
		HideSolutionNode = FALSE
	EndGlobalSection
	GlobalSection(ExtensibilityGlobals) = postSolution
		SolutionGuid = {7A0B1BB6-EDCD-45B3-A7D9-056E13E1F316}
	EndGlobalSection
EndGlobal
